
Microsoft Visual Studio Solution File, Format Version 12.00
# Visual Studio Version 16
VisualStudioVersion = 16.0.31129.286
MinimumVisualStudioVersion = 10.0.40219.1
Project("{FAE04EC0-301F-11D3-BF4B-00C04F79EFBC}") = "Auth_Api", "Auth_Api\Auth_Api.csproj", "{D231A878-58DC-45F5-8E3C-AD2E9267A92D}"
EndProject
Project("{FAE04EC0-301F-11D3-BF4B-00C04F79EFBC}") = "DataLayer", "DataLayer\DataLayer.csproj", "{83597E1E-DB3D-490B-A0BD-97BC4C52ACE7}"
EndProject
Project("{FAE04EC0-301F-11D3-BF4B-00C04F79EFBC}") = "Models", "Models\Models.csproj", "{24C3AC5F-9E8D-448B-8CDF-2E4B768F9D11}"
EndProject
Global
	GlobalSection(SolutionConfigurationPlatforms) = preSolution
		Debug|Any CPU = Debug|Any CPU
		Release|Any CPU = Release|Any CPU
	EndGlobalSection
	GlobalSection(ProjectConfigurationPlatforms) = postSolution
		{D231A878-58DC-45F5-8E3C-AD2E9267A92D}.Debug|Any CPU.ActiveCfg = Debug|Any CPU
		{D231A878-58DC-45F5-8E3C-AD2E9267A92D}.Debug|Any CPU.Build.0 = Debug|Any CPU
		{D231A878-58DC-45F5-8E3C-AD2E9267A92D}.Release|Any CPU.ActiveCfg = Release|Any CPU
		{D231A878-58DC-45F5-8E3C-AD2E9267A92D}.Release|Any CPU.Build.0 = Release|Any CPU
		{83597E1E-DB3D-490B-A0BD-97BC4C52ACE7}.Debug|Any CPU.ActiveCfg = Debug|Any CPU
		{83597E1E-DB3D-490B-A0BD-97BC4C52ACE7}.Debug|Any CPU.Build.0 = Debug|Any CPU
		{83597E1E-DB3D-490B-A0BD-97BC4C52ACE7}.Release|Any CPU.ActiveCfg = Release|Any CPU
		{83597E1E-DB3D-490B-A0BD-97BC4C52ACE7}.Release|Any CPU.Build.0 = Release|Any CPU
		{24C3AC5F-9E8D-448B-8CDF-2E4B768F9D11}.Debug|Any CPU.ActiveCfg = Debug|Any CPU
		{24C3AC5F-9E8D-448B-8CDF-2E4B768F9D11}.Debug|Any CPU.Build.0 = Debug|Any CPU
		{24C3AC5F-9E8D-448B-8CDF-2E4B768F9D11}.Release|Any CPU.ActiveCfg = Release|Any CPU
		{24C3AC5F-9E8D-448B-8CDF-2E4B768F9D11}.Release|Any CPU.Build.0 = Release|Any CPU
	EndGlobalSection
	GlobalSection(SolutionProperties) = preSolution
		HideSolutionNode = FALSE
	EndGlobalSection
	GlobalSection(ExtensibilityGlobals) = postSolution
		SolutionGuid = {4F1DA248-7448-46AC-842C-F30206357279}
	EndGlobalSection
EndGlobal
